steps:
  LOAD_WS_OA_RECORD_LOCK-11322:
    operation:
      database: ""
      dataset: ""
      deployEnabled: true
      locationID: ""
      locationName: SRC
      metadata:
        columns:
          - acceptedValues:
              strictMatch: true
              values: []
            appliedColumnTests: {}
            columnReference:
              columnCounter: 264029
              stepCounter: 11322
            config: {}
            dataType: NUMBER(38,0)
            defaultValue: ""
            description: ""
            name: SOURCE_RECORD_FK
            nullable: true
            primaryKey: false
            uniqueKey: false
          - acceptedValues:
              strictMatch: true
              values: []
            appliedColumnTests: {}
            columnReference:
              columnCounter: 264030
              stepCounter: 11322
            config: {}
            dataType: VARCHAR(16777216)
            defaultValue: ""
            description: ""
            name: SOURCE_TABLE_NAME
            nullable: true
            primaryKey: false
            uniqueKey: false
          - acceptedValues:
              strictMatch: true
              values: []
            appliedColumnTests: {}
            columnReference:
              columnCounter: 264031
              stepCounter: 11322
            config: {}
            dataType: VARCHAR(16777216)
            defaultValue: ""
            description: ""
            name: SESSION_ID
            nullable: true
            primaryKey: false
            uniqueKey: false
          - acceptedValues:
              strictMatch: true
              values: []
            appliedColumnTests: {}
            columnReference:
              columnCounter: 264032
              stepCounter: 11322
            config: {}
            dataType: VARCHAR(16777216)
            defaultValue: ""
            description: ""
            name: USERNAME
            nullable: true
            primaryKey: false
            uniqueKey: false
          - acceptedValues:
              strictMatch: true
              values: []
            appliedColumnTests: {}
            columnReference:
              columnCounter: 264033
              stepCounter: 11322
            config: {}
            dataType: TIMESTAMP_NTZ(9)
            defaultValue: ""
            description: ""
            name: LOCK_DATE
            nullable: true
            primaryKey: false
            uniqueKey: false
          - acceptedValues:
              strictMatch: true
              values: []
            appliedColumnTests: {}
            columnReference:
              columnCounter: 264034
              stepCounter: 11322
            config: {}
            dataType: VARCHAR(16777216)
            defaultValue: ""
            description: ""
            name: LOCK_TYPE
            nullable: true
            primaryKey: false
            uniqueKey: false
          - acceptedValues:
              strictMatch: true
              values: []
            appliedColumnTests: {}
            columnReference:
              columnCounter: 264035
              stepCounter: 11322
            config: {}
            dataType: VARCHAR(16777216)
            defaultValue: ""
            description: ""
            name: WEB_LOCK_ID
            nullable: true
            primaryKey: false
            uniqueKey: false
          - acceptedValues:
              strictMatch: true
              values: []
            appliedColumnTests: {}
            columnReference:
              columnCounter: 264036
              stepCounter: 11322
            config: {}
            dataType: TIMESTAMP_NTZ(9)
            defaultValue: ""
            description: ""
            name: EXPIRATION_DATE
            nullable: true
            primaryKey: false
            uniqueKey: false
          - acceptedValues:
              strictMatch: true
              values: []
            appliedColumnTests: {}
            columnReference:
              columnCounter: 264037
              stepCounter: 11322
            config: {}
            dataType: VARCHAR(16777216)
            defaultValue: ""
            description: ""
            name: DSS_RECORD_SOURCE
            nullable: true
            primaryKey: false
            uniqueKey: false
          - acceptedValues:
              strictMatch: true
              values: []
            appliedColumnTests: {}
            columnReference:
              columnCounter: 264038
              stepCounter: 11322
            config: {}
            dataType: TIMESTAMP_NTZ(9)
            defaultValue: ""
            description: ""
            name: DSS_LOAD_DATE
            nullable: true
            primaryKey: false
            uniqueKey: false
        join:
          joinCondition: FROM {{ ref('SRC', 'LOAD_WS_OA_RECORD_LOCK') }}
      name: LOAD_WS_OA_RECORD_LOCK
      schema: ""
      sqlType: Source
      table: LOAD_WS_OA_RECORD_LOCK
      type: sourceInput
    stepCounter: "11322"
